
Microsoft Visual Studio Solution File, Format Version 12.00
# Visual Studio Version 16
VisualStudioVersion = 16.0.30128.74
MinimumVisualStudioVersion = 10.0.40219.1
Project("{9A19103F-16F7-4668-BE54-9A1E7A4F7556}") = "HomeWork", "HomeWork\HomeWork.csproj", "{C313EF98-0652-4DE8-8CEF-466E4775B9E3}"
EndProject
Project("{9A19103F-16F7-4668-BE54-9A1E7A4F7556}") = "ArrayListHomeWork", "ArrayList\ArrayListHomeWork.csproj", "{E7F8608E-7390-4541-9BA7-0C9E90EE7D48}"
EndProject
Project("{9A19103F-16F7-4668-BE54-9A1E7A4F7556}") = "ArrayListTest", "ArrayListTest\ArrayListTest.csproj", "{9F319FDB-553B-4CFA-B158-06126C079479}"
EndProject
Global
	GlobalSection(SolutionConfigurationPlatforms) = preSolution
		Debug|Any CPU = Debug|Any CPU
		Release|Any CPU = Release|Any CPU
	EndGlobalSection
	GlobalSection(ProjectConfigurationPlatforms) = postSolution
		{C313EF98-0652-4DE8-8CEF-466E4775B9E3}.Debug|Any CPU.ActiveCfg = Debug|Any CPU
		{C313EF98-0652-4DE8-8CEF-466E4775B9E3}.Debug|Any CPU.Build.0 = Debug|Any CPU
		{C313EF98-0652-4DE8-8CEF-466E4775B9E3}.Release|Any CPU.ActiveCfg = Release|Any CPU
		{C313EF98-0652-4DE8-8CEF-466E4775B9E3}.Release|Any CPU.Build.0 = Release|Any CPU
		{E7F8608E-7390-4541-9BA7-0C9E90EE7D48}.Debug|Any CPU.ActiveCfg = Debug|Any CPU
		{E7F8608E-7390-4541-9BA7-0C9E90EE7D48}.Debug|Any CPU.Build.0 = Debug|Any CPU
		{E7F8608E-7390-4541-9BA7-0C9E90EE7D48}.Release|Any CPU.ActiveCfg = Release|Any CPU
		{E7F8608E-7390-4541-9BA7-0C9E90EE7D48}.Release|Any CPU.Build.0 = Release|Any CPU
		{9F319FDB-553B-4CFA-B158-06126C079479}.Debug|Any CPU.ActiveCfg = Debug|Any CPU
		{9F319FDB-553B-4CFA-B158-06126C079479}.Debug|Any CPU.Build.0 = Debug|Any CPU
		{9F319FDB-553B-4CFA-B158-06126C079479}.Release|Any CPU.ActiveCfg = Release|Any CPU
		{9F319FDB-553B-4CFA-B158-06126C079479}.Release|Any CPU.Build.0 = Release|Any CPU
	EndGlobalSection
	GlobalSection(SolutionProperties) = preSolution
		HideSolutionNode = FALSE
	EndGlobalSection
	GlobalSection(ExtensibilityGlobals) = postSolution
		SolutionGuid = {98A94538-F016-4B52-99E3-B2A509477B76}
	EndGlobalSection
EndGlobal
